
Microsoft Visual Studio Solution File, Format Version 11.00
# Visual Studio 2010
Project("{FAE04EC0-301F-11D3-BF4B-00C04F79EFBC}") = "projekt2", "projekt2\projekt2.csproj", "{C7557818-D1CD-4732-B8FF-4AAB9B730712}"
EndProject
Global
	GlobalSection(SolutionConfigurationPlatforms) = preSolution
		Debug|x86 = Debug|x86
		Release|x86 = Release|x86
	EndGlobalSection
	GlobalSection(ProjectConfigurationPlatforms) = postSolution
		{C7557818-D1CD-4732-B8FF-4AAB9B730712}.Debug|x86.ActiveCfg = Debug|x86
		{C7557818-D1CD-4732-B8FF-4AAB9B730712}.Debug|x86.Build.0 = Debug|x86
		{C7557818-D1CD-4732-B8FF-4AAB9B730712}.Release|x86.ActiveCfg = Release|x86
		{C7557818-D1CD-4732-B8FF-4AAB9B730712}.Release|x86.Build.0 = Release|x86
	EndGlobalSection
	GlobalSection(SolutionProperties) = preSolution
		HideSolutionNode = FALSE
	EndGlobalSection
EndGlobal
